<?xml version="1.0" encoding="utf-8"?>
<Project ToolsVersion="4.0" xmlns="http://schemas.microsoft.com/developer/msbuild/2003">
  <ItemGroup>
    <Filter Include="Source Files">
      <UniqueIdentifier>{4FC737F1-C7A5-4376-A066-2A32D752A2FF}</UniqueIdentifier>
      <Extensions>cpp;c;cc;cxx;c++;cppm;ixx;def;odl;idl;hpj;bat;asm;asmx</Extensions>
    </Filter>
    <Filter Include="Header Files">
      <UniqueIdentifier>{93995380-89BD-4b04-88EB-625FBE52EBFB}</UniqueIdentifier>
      <Extensions>h;hh;hpp;hxx;h++;hm;inl;inc;ipp;xsd</Extensions>
    </Filter>
    <Filter Include="Resource Files">
      <UniqueIdentifier>{67DA6AB6-F800-4c08-8B7A-83BB121AAD01}</UniqueIdentifier>
      <Extensions>rc;ico;cur;bmp;dlg;rc2;rct;bin;rgs;gif;jpg;jpeg;jpe;resx;tiff;tif;png;wav;mfcribbon-ms</Extensions>
    </Filter>
    <Filter Include="Header Files\Core">
      <UniqueIdentifier>{9807a548-6f99-445e-bfcb-b26a741212b6}</UniqueIdentifier>
    </Filter>
    <Filter Include="Header Files\String">
      <UniqueIdentifier>{8a51b404-c8c2-4c18-a0a0-61bea39bd207}</UniqueIdentifier>
    </Filter>
    <Filter Include="Header Files\Actor">
      <UniqueIdentifier>{d351c38f-f61e-491c-a8a0-3c5dae039555}</UniqueIdentifier>
    </Filter>
    <Filter Include="Source Files\Core">
      <UniqueIdentifier>{cbd1a540-34e9-45d2-8182-4c9738be6e4a}</UniqueIdentifier>
    </Filter>
    <Filter Include="Source Files\String">
      <UniqueIdentifier>{31ca078d-d9dd-4f4a-8471-df6a45abfdfc}</UniqueIdentifier>
    </Filter>
    <Filter Include="Source Files\Actor">
      <UniqueIdentifier>{ab1b24b5-2115-41cc-8c4c-960910023117}</UniqueIdentifier>
    </Filter>
  </ItemGroup>
  <ItemGroup>
    <ClCompile Include="EntryPoint.cpp">
      <Filter>Source Files</Filter>
    </ClCompile>
    <ClCompile Include="CEngine.cpp">
      <Filter>Source Files</Filter>
    </ClCompile>
    <ClCompile Include="CLevel.cpp">
      <Filter>Source Files</Filter>
    </ClCompile>
    <ClCompile Include="CLevelReader.cpp">
      <Filter>Source Files</Filter>
    </ClCompile>
    <ClCompile Include="AActor.cpp">
      <Filter>Source Files\Actor</Filter>
    </ClCompile>
    <ClCompile Include="ABackground.cpp">
      <Filter>Source Files\Actor</Filter>
    </ClCompile>
    <ClCompile Include="CUserLib.cpp">
      <Filter>Source Files\Core</Filter>
    </ClCompile>
    <ClCompile Include="CAllocator.cpp">
      <Filter>Source Files\Core</Filter>
    </ClCompile>
    <ClCompile Include="CConsole.cpp">
      <Filter>Source Files\Core</Filter>
    </ClCompile>
    <ClCompile Include="CFile.cpp">
      <Filter>Source Files\Core</Filter>
    </ClCompile>
    <ClCompile Include="CGLLib.cpp">
      <Filter>Source Files\Core</Filter>
    </ClCompile>
    <ClCompile Include="Core.cpp">
      <Filter>Source Files\Core</Filter>
    </ClCompile>
    <ClCompile Include="CRT.cpp">
      <Filter>Source Files\Core</Filter>
    </ClCompile>
    <ClCompile Include="CStringView.cpp">
      <Filter>Source Files\String</Filter>
    </ClCompile>
    <ClCompile Include="CString.cpp">
      <Filter>Source Files\String</Filter>
    </ClCompile>
    <ClCompile Include="CStringSplitter.cpp">
      <Filter>Source Files\String</Filter>
    </ClCompile>
  </ItemGroup>
  <ItemGroup>
    <ClInclude Include="CEngine.h">
      <Filter>Header Files</Filter>
    </ClInclude>
    <ClInclude Include="CLevel.h">
      <Filter>Header Files</Filter>
    </ClInclude>
    <ClInclude Include="CLevelReader.h">
      <Filter>Header Files</Filter>
    </ClInclude>
    <ClInclude Include="ABackground.h">
      <Filter>Header Files</Filter>
    </ClInclude>
    <ClInclude Include="Core.h">
      <Filter>Header Files\Core</Filter>
    </ClInclude>
    <ClInclude Include="CoreWin.h">
      <Filter>Header Files\Core</Filter>
    </ClInclude>
    <ClInclude Include="CUserLib.h">
      <Filter>Header Files\Core</Filter>
    </ClInclude>
    <ClInclude Include="CGLLib.h">
      <Filter>Header Files\Core</Filter>
    </ClInclude>
    <ClInclude Include="CGlobalResource.h">
      <Filter>Header Files\Core</Filter>
    </ClInclude>
    <ClInclude Include="CFile.h">
      <Filter>Header Files\Core</Filter>
    </ClInclude>
    <ClInclude Include="CConsole.h">
      <Filter>Header Files\Core</Filter>
    </ClInclude>
    <ClInclude Include="CAllocator.h">
      <Filter>Header Files\Core</Filter>
    </ClInclude>
    <ClInclude Include="CStringView.h">
      <Filter>Header Files\String</Filter>
    </ClInclude>
    <ClInclude Include="CString.h">
      <Filter>Header Files\String</Filter>
    </ClInclude>
    <ClInclude Include="CStringSplitter.h">
      <Filter>Header Files\String</Filter>
    </ClInclude>
    <ClInclude Include="AActor.h">
      <Filter>Header Files\Actor</Filter>
    </ClInclude>
  </ItemGroup>
</Project>